
Microsoft Visual Studio Solution File, Format Version 12.00
# Visual Studio 15
VisualStudioVersion = 15.0.28307.168
MinimumVisualStudioVersion = 10.0.40219.1
Project("{FAE04EC0-301F-11D3-BF4B-00C04F79EFBC}") = "LDC.Domain", "LDC.Domain\LDC.Domain.csproj", "{59656D59-7B7E-42A9-B6C2-8247329AEB8E}"
EndProject
Project("{FAE04EC0-301F-11D3-BF4B-00C04F79EFBC}") = "LDC.Infra", "LDC.Infra\LDC.Infra.csproj", "{27E3F775-EE67-41B3-8B74-5915564C7813}"
EndProject
Project("{FAE04EC0-301F-11D3-BF4B-00C04F79EFBC}") = "LDC.IoC", "LDC.IoC\LDC.IoC.csproj", "{B14538E4-CDF2-4464-9050-3C92D736E8D9}"
EndProject
Global
	GlobalSection(SolutionConfigurationPlatforms) = preSolution
		Debug|Any CPU = Debug|Any CPU
		Release|Any CPU = Release|Any CPU
	EndGlobalSection
	GlobalSection(ProjectConfigurationPlatforms) = postSolution
		{59656D59-7B7E-42A9-B6C2-8247329AEB8E}.Debug|Any CPU.ActiveCfg = Debug|Any CPU
		{59656D59-7B7E-42A9-B6C2-8247329AEB8E}.Debug|Any CPU.Build.0 = Debug|Any CPU
		{59656D59-7B7E-42A9-B6C2-8247329AEB8E}.Release|Any CPU.ActiveCfg = Release|Any CPU
		{59656D59-7B7E-42A9-B6C2-8247329AEB8E}.Release|Any CPU.Build.0 = Release|Any CPU
		{27E3F775-EE67-41B3-8B74-5915564C7813}.Debug|Any CPU.ActiveCfg = Debug|Any CPU
		{27E3F775-EE67-41B3-8B74-5915564C7813}.Debug|Any CPU.Build.0 = Debug|Any CPU
		{27E3F775-EE67-41B3-8B74-5915564C7813}.Release|Any CPU.ActiveCfg = Release|Any CPU
		{27E3F775-EE67-41B3-8B74-5915564C7813}.Release|Any CPU.Build.0 = Release|Any CPU
		{B14538E4-CDF2-4464-9050-3C92D736E8D9}.Debug|Any CPU.ActiveCfg = Debug|Any CPU
		{B14538E4-CDF2-4464-9050-3C92D736E8D9}.Debug|Any CPU.Build.0 = Debug|Any CPU
		{B14538E4-CDF2-4464-9050-3C92D736E8D9}.Release|Any CPU.ActiveCfg = Release|Any CPU
		{B14538E4-CDF2-4464-9050-3C92D736E8D9}.Release|Any CPU.Build.0 = Release|Any CPU
	EndGlobalSection
	GlobalSection(SolutionProperties) = preSolution
		HideSolutionNode = FALSE
	EndGlobalSection
	GlobalSection(ExtensibilityGlobals) = postSolution
		SolutionGuid = {5F781C2D-9246-49A7-9E78-8D998FE13649}
	EndGlobalSection
EndGlobal
